
Microsoft Visual Studio Solution File, Format Version 12.00
# Visual Studio Version 17
VisualStudioVersion = 17.14.36429.23 d17.14
MinimumVisualStudioVersion = 10.0.40219.1
Project("{FAE04EC0-301F-11D3-BF4B-00C04F79EFBC}") = "ICE3", "ICE3\ICE3.csproj", "{CDB86549-CA8C-4F59-A892-4E2731593CA4}"
EndProject
Global
	GlobalSection(SolutionConfigurationPlatforms) = preSolution
		Debug|Any CPU = Debug|Any CPU
		Release|Any CPU = Release|Any CPU
	EndGlobalSection
	GlobalSection(ProjectConfigurationPlatforms) = postSolution
		{CDB86549-CA8C-4F59-A892-4E2731593CA4}.Debug|Any CPU.ActiveCfg = Debug|Any CPU
		{CDB86549-CA8C-4F59-A892-4E2731593CA4}.Debug|Any CPU.Build.0 = Debug|Any CPU
		{CDB86549-CA8C-4F59-A892-4E2731593CA4}.Release|Any CPU.ActiveCfg = Release|Any CPU
		{CDB86549-CA8C-4F59-A892-4E2731593CA4}.Release|Any CPU.Build.0 = Release|Any CPU
	EndGlobalSection
	GlobalSection(SolutionProperties) = preSolution
		HideSolutionNode = FALSE
	EndGlobalSection
	GlobalSection(ExtensibilityGlobals) = postSolution
		SolutionGuid = {DBE54E67-75F6-4BE2-9224-D0FC915BCF11}
	EndGlobalSection
EndGlobal
